// !$*UTF8*$!
{
	archiveVersion = 1;
	classes = {
	};
	objectVersion = 46;
	objects = {

/* Begin PBXBuildFile section */
		F2DDE6CD1C0578CF008A8288 /* main.m in Sources */ = {isa = PBXBuildFile; fileRef = F2DDE6CC1C0578CF008A8288 /* main.m */; };
		F2DDE6D01C0578CF008A8288 /* AppDelegate.m in Sources */ = {isa = PBXBuildFile; fileRef = F2DDE6CF1C0578CF008A8288 /* AppDelegate.m */; };
		F2DDE6D61C0578CF008A8288 /* Main.storyboard in Resources */ = {isa = PBXBuildFile; fileRef = F2DDE6D41C0578CF008A8288 /* Main.storyboard */; };
		F2DDE6D91C0578CF008A8288 /* MedTracker.xcdatamodeld in Sources */ = {isa = PBXBuildFile; fileRef = F2DDE6D71C0578CF008A8288 /* MedTracker.xcdatamodeld */; };
		F2DDE6DB1C0578CF008A8288 /* Assets.xcassets in Resources */ = {isa = PBXBuildFile; fileRef = F2DDE6DA1C0578CF008A8288 /* Assets.xcassets */; };
		F2DDE6DE1C0578CF008A8288 /* LaunchScreen.storyboard in Resources */ = {isa = PBXBuildFile; fileRef = F2DDE6DC1C0578CF008A8288 /* LaunchScreen.storyboard */; };
		F2DDE6E91C0578CF008A8288 /* MedTrackerTests.m in Sources */ = {isa = PBXBuildFile; fileRef = F2DDE6E81C0578CF008A8288 /* MedTrackerTests.m */; };
		F2DDE6F41C0578CF008A8288 /* MedTrackerUITests.m in Sources */ = {isa = PBXBuildFile; fileRef = F2DDE6F31C0578CF008A8288 /* MedTrackerUITests.m */; };
		F2DDE7051C059A5D008A8288 /* PatientsTVC.m in Sources */ = {isa = PBXBuildFile; fileRef = F2DDE7041C059A5C008A8288 /* PatientsTVC.m */; };
		F2DDE7081C059A75008A8288 /* PrescriptionTVC.m in Sources */ = {isa = PBXBuildFile; fileRef = F2DDE7071C059A75008A8288 /* PrescriptionTVC.m */; };
		F2DDE70B1C059A8B008A8288 /* AddPatientVC.m in Sources */ = {isa = PBXBuildFile; fileRef = F2DDE70A1C059A8B008A8288 /* AddPatientVC.m */; };
		F2DDE70E1C059AAD008A8288 /* AddPrescriptionVC.m in Sources */ = {isa = PBXBuildFile; fileRef = F2DDE70D1C059AAD008A8288 /* AddPrescriptionVC.m */; };
/* End PBXBuildFile section */

/* Begin PBXContainerItemProxy section */
		F2DDE6E51C0578CF008A8288 /* PBXContainerItemProxy */ = {
			isa = PBXContainerItemProxy;
			containerPortal = F2DDE6C01C0578CF008A8288 /* Project object */;
			proxyType = 1;
			remoteGlobalIDString = F2DDE6C71C0578CF008A8288;
			remoteInfo = MedTracker;
		};
		F2DDE6F01C0578CF008A8288 /* PBXContainerItemProxy */ = {
			isa = PBXContainerItemProxy;
			containerPortal = F2DDE6C01C0578CF008A8288 /* Project object */;
			proxyType = 1;
			remoteGlobalIDString = F2DDE6C71C0578CF008A8288;
			remoteInfo = MedTracker;
		};
/* End PBXContainerItemProxy section */

/* Begin PBXFileReference section */
		F2DDE6C81C0578CF008A8288 /* MedTracker.app */ = {isa = PBXFileReference; explicitFileType = wrapper.application; includeInIndex = 0; path = MedTracker.app; sourceTree = BUILT_PRODUCTS_DIR; };
		F2DDE6CC1C0578CF008A8288 /* main.m */ = {isa = PBXFileReference; lastKnownFileType = sourcecode.c.objc; path = main.m; sourceTree = "<group>"; };
		F2DDE6CE1C0578CF008A8288 /* AppDelegate.h */ = {isa = PBXFileReference; lastKnownFileType = sourcecode.c.h; path = AppDelegate.h; sourceTree = "<group>"; };
		F2DDE6CF1C0578CF008A8288 /* AppDelegate.m */ = {isa = PBXFileReference; lastKnownFileType = sourcecode.c.objc; path = AppDelegate.m; sourceTree = "<group>"; };
		F2DDE6D51C0578CF008A8288 /* Base */ = {isa = PBXFileReference; lastKnownFileType = file.storyboard; name = Base; path = Base.lproj/Main.storyboard; sourceTree = "<group>"; };
		F2DDE6D81C0578CF008A8288 /* MedTracker.xcdatamodel */ = {isa = PBXFileReference; lastKnownFileType = wrapper.xcdatamodel; path = MedTracker.xcdatamodel; sourceTree = "<group>"; };
		F2DDE6DA1C0578CF008A8288 /* Assets.xcassets */ = {isa = PBXFileReference; lastKnownFileType = folder.assetcatalog; path = Assets.xcassets; sourceTree = "<group>"; };
		F2DDE6DD1C0578CF008A8288 /* Base */ = {isa = PBXFileReference; lastKnownFileType = file.storyboard; name = Base; path = Base.lproj/LaunchScreen.storyboard; sourceTree = "<group>"; };
		F2DDE6DF1C0578CF008A8288 /* Info.plist */ = {isa = PBXFileReference; lastKnownFileType = text.plist.xml; path = Info.plist; sourceTree = "<group>"; };
		F2DDE6E41C0578CF008A8288 /* MedTrackerTests.xctest */ = {isa = PBXFileReference; explicitFileType = wrapper.cfbundle; includeInIndex = 0; path = MedTrackerTests.xctest; sourceTree = BUILT_PRODUCTS_DIR; };
		F2DDE6E81C0578CF008A8288 /* MedTrackerTests.m */ = {isa = PBXFileReference; lastKnownFileType = sourcecode.c.objc; path = MedTrackerTests.m; sourceTree = "<group>"; };
		F2DDE6EA1C0578CF008A8288 /* Info.plist */ = {isa = PBXFileReference; lastKnownFileType = text.plist.xml; path = Info.plist; sourceTree = "<group>"; };
		F2DDE6EF1C0578CF008A8288 /* MedTrackerUITests.xctest */ = {isa = PBXFileReference; explicitFileType = wrapper.cfbundle; includeInIndex = 0; path = MedTrackerUITests.xctest; sourceTree = BUILT_PRODUCTS_DIR; };
		F2DDE6F31C0578CF008A8288 /* MedTrackerUITests.m */ = {isa = PBXFileReference; lastKnownFileType = sourcecode.c.objc; path = MedTrackerUITests.m; sourceTree = "<group>"; };
		F2DDE6F51C0578CF008A8288 /* Info.plist */ = {isa = PBXFileReference; lastKnownFileType = text.plist.xml; path = Info.plist; sourceTree = "<group>"; };
		F2DDE7031C059A5C008A8288 /* PatientsTVC.h */ = {isa = PBXFileReference; fileEncoding = 4; lastKnownFileType = sourcecode.c.h; name = PatientsTVC.h; path = ../PatientsTVC.h; sourceTree = "<group>"; };
		F2DDE7041C059A5C008A8288 /* PatientsTVC.m */ = {isa = PBXFileReference; fileEncoding = 4; lastKnownFileType = sourcecode.c.objc; name = PatientsTVC.m; path = ../PatientsTVC.m; sourceTree = "<group>"; };
		F2DDE7061C059A75008A8288 /* PrescriptionTVC.h */ = {isa = PBXFileReference; fileEncoding = 4; lastKnownFileType = sourcecode.c.h; name = PrescriptionTVC.h; path = ../PrescriptionTVC.h; sourceTree = "<group>"; };
		F2DDE7071C059A75008A8288 /* PrescriptionTVC.m */ = {isa = PBXFileReference; fileEncoding = 4; lastKnownFileType = sourcecode.c.objc; name = PrescriptionTVC.m; path = ../PrescriptionTVC.m; sourceTree = "<group>"; };
		F2DDE7091C059A8A008A8288 /* AddPatientVC.h */ = {isa = PBXFileReference; fileEncoding = 4; lastKnownFileType = sourcecode.c.h; name = AddPatientVC.h; path = ../AddPatientVC.h; sourceTree = "<group>"; };
		F2DDE70A1C059A8B008A8288 /* AddPatientVC.m */ = {isa = PBXFileReference; fileEncoding = 4; lastKnownFileType = sourcecode.c.objc; name = AddPatientVC.m; path = ../AddPatientVC.m; sourceTree = "<group>"; };
		F2DDE70C1C059AAD008A8288 /* AddPrescriptionVC.h */ = {isa = PBXFileReference; fileEncoding = 4; lastKnownFileType = sourcecode.c.h; name = AddPrescriptionVC.h; path = ../AddPrescriptionVC.h; sourceTree = "<group>"; };
		F2DDE70D1C059AAD008A8288 /* AddPrescriptionVC.m */ = {isa = PBXFileReference; fileEncoding = 4; lastKnownFileType = sourcecode.c.objc; name = AddPrescriptionVC.m; path = ../AddPrescriptionVC.m; sourceTree = "<group>"; };
/* End PBXFileReference section */

/* Begin PBXFrameworksBuildPhase section */
		F2DDE6C51C0578CF008A8288 /* Frameworks */ = {
			isa = PBXFrameworksBuildPhase;
			buildActionMask = 2147483647;
			files = (
			);
			runOnlyForDeploymentPostprocessing = 0;
		};
		F2DDE6E11C0578CF008A8288 /* Frameworks */ = {
			isa = PBXFrameworksBuildPhase;
			buildActionMask = 2147483647;
			files = (
			);
			runOnlyForDeploymentPostprocessing = 0;
		};
		F2DDE6EC1C0578CF008A8288 /* Frameworks */ = {
			isa = PBXFrameworksBuildPhase;
			buildActionMask = 2147483647;
			files = (
			);
			runOnlyForDeploymentPostprocessing = 0;
		};
/* End PBXFrameworksBuildPhase section */

/* Begin PBXGroup section */
		F2DDE6BF1C0578CF008A8288 = {
			isa = PBXGroup;
			children = (
				F2DDE6CA1C0578CF008A8288 /* MedTracker */,
				F2DDE6E71C0578CF008A8288 /* MedTrackerTests */,
				F2DDE6F21C0578CF008A8288 /* MedTrackerUITests */,
				F2DDE6C91C0578CF008A8288 /* Products */,
			);
			sourceTree = "<group>";
		};
		F2DDE6C91C0578CF008A8288 /* Products */ = {
			isa = PBXGroup;
			children = (
				F2DDE6C81C0578CF008A8288 /* MedTracker.app */,
				F2DDE6E41C0578CF008A8288 /* MedTrackerTests.xctest */,
				F2DDE6EF1C0578CF008A8288 /* MedTrackerUITests.xctest */,
			);
			name = Products;
			sourceTree = "<group>";
		};
		F2DDE6CA1C0578CF008A8288 /* MedTracker */ = {
			isa = PBXGroup;
			children = (
				F2DDE7021C058F7C008A8288 /* AppDelegate */,
				F2DDE7011C058B8D008A8288 /* Data */,
				F2DDE7031C059A5C008A8288 /* PatientsTVC.h */,
				F2DDE7041C059A5C008A8288 /* PatientsTVC.m */,
				F2DDE7061C059A75008A8288 /* PrescriptionTVC.h */,
				F2DDE7071C059A75008A8288 /* PrescriptionTVC.m */,
				F2DDE7091C059A8A008A8288 /* AddPatientVC.h */,
				F2DDE70A1C059A8B008A8288 /* AddPatientVC.m */,
				F2DDE70C1C059AAD008A8288 /* AddPrescriptionVC.h */,
				F2DDE70D1C059AAD008A8288 /* AddPrescriptionVC.m */,
				F2DDE6D41C0578CF008A8288 /* Main.storyboard */,
				F2DDE6DA1C0578CF008A8288 /* Assets.xcassets */,
				F2DDE6DC1C0578CF008A8288 /* LaunchScreen.storyboard */,
				F2DDE6DF1C0578CF008A8288 /* Info.plist */,
				F2DDE6D71C0578CF008A8288 /* MedTracker.xcdatamodeld */,
				F2DDE6CB1C0578CF008A8288 /* Supporting Files */,
			);
			path = MedTracker;
			sourceTree = "<group>";
		};
		F2DDE6CB1C0578CF008A8288 /* Supporting Files */ = {
			isa = PBXGroup;
			children = (
				F2DDE6CC1C0578CF008A8288 /* main.m */,
			);
			name = "Supporting Files";
			sourceTree = "<group>";
		};
		F2DDE6E71C0578CF008A8288 /* MedTrackerTests */ = {
			isa = PBXGroup;
			children = (
				F2DDE6E81C0578CF008A8288 /* MedTrackerTests.m */,
				F2DDE6EA1C0578CF008A8288 /* Info.plist */,
			);
			path = MedTrackerTests;
			sourceTree = "<group>";
		};
		F2DDE6F21C0578CF008A8288 /* MedTrackerUITests */ = {
			isa = PBXGroup;
			children = (
				F2DDE6F31C0578CF008A8288 /* MedTrackerUITests.m */,
				F2DDE6F51C0578CF008A8288 /* Info.plist */,
			);
			path = MedTrackerUITests;
			sourceTree = "<group>";
		};
		F2DDE7011C058B8D008A8288 /* Data */ = {
			isa = PBXGroup;
			children = (
			);
			name = Data;
			sourceTree = "<group>";
		};
		F2DDE7021C058F7C008A8288 /* AppDelegate */ = {
			isa = PBXGroup;
			children = (
				F2DDE6CE1C0578CF008A8288 /* AppDelegate.h */,
				F2DDE6CF1C0578CF008A8288 /* AppDelegate.m */,
			);
			name = AppDelegate;
			sourceTree = "<group>";
		};
/* End PBXGroup section */

/* Begin PBXNativeTarget section */
		F2DDE6C71C0578CF008A8288 /* MedTracker */ = {
			isa = PBXNativeTarget;
			buildConfigurationList = F2DDE6F81C0578CF008A8288 /* Build configuration list for PBXNativeTarget "MedTracker" */;
			buildPhases = (
				F2DDE6C41C0578CF008A8288 /* Sources */,
				F2DDE6C51C0578CF008A8288 /* Frameworks */,
				F2DDE6C61C0578CF008A8288 /* Resources */,
			);
			buildRules = (
			);
			dependencies = (
			);
			name = MedTracker;
			productName = MedTracker;
			productReference = F2DDE6C81C0578CF008A8288 /* MedTracker.app */;
			productType = "com.apple.product-type.application";
		};
		F2DDE6E31C0578CF008A8288 /* MedTrackerTests */ = {
			isa = PBXNativeTarget;
			buildConfigurationList = F2DDE6FB1C0578CF008A8288 /* Build configuration list for PBXNativeTarget "MedTrackerTests" */;
			buildPhases = (
				F2DDE6E01C0578CF008A8288 /* Sources */,
				F2DDE6E11C0578CF008A8288 /* Frameworks */,
				F2DDE6E21C0578CF008A8288 /* Resources */,
			);
			buildRules = (
			);
			dependencies = (
				F2DDE6E61C0578CF008A8288 /* PBXTargetDependency */,
			);
			name = MedTrackerTests;
			productName = MedTrackerTests;
			productReference = F2DDE6E41C0578CF008A8288 /* MedTrackerTests.xctest */;
			productType = "com.apple.product-type.bundle.unit-test";
		};
		F2DDE6EE1C0578CF008A8288 /* MedTrackerUITests */ = {
			isa = PBXNativeTarget;
			buildConfigurationList = F2DDE6FE1C0578CF008A8288 /* Build configuration list for PBXNativeTarget "MedTrackerUITests" */;
			buildPhases = (
				F2DDE6EB1C0578CF008A8288 /* Sources */,
				F2DDE6EC1C0578CF008A8288 /* Frameworks */,
				F2DDE6ED1C0578CF008A8288 /* Resources */,
			);
			buildRules = (
			);
			dependencies = (
				F2DDE6F11C0578CF008A8288 /* PBXTargetDependency */,
			);
			name = MedTrackerUITests;
			productName = MedTrackerUITests;
			productReference = F2DDE6EF1C0578CF008A8288 /* MedTrackerUITests.xctest */;
			productType = "com.apple.product-type.bundle.ui-testing";
		};
/* End PBXNativeTarget section */

/* Begin PBXProject section */
		F2DDE6C01C0578CF008A8288 /* Project object */ = {
			isa = PBXProject;
			attributes = {
				LastUpgradeCheck = 0710;
				ORGANIZATIONNAME = HardCoders;
				TargetAttributes = {
					F2DDE6C71C0578CF008A8288 = {
						CreatedOnToolsVersion = 7.1.1;
					};
					F2DDE6E31C0578CF008A8288 = {
						CreatedOnToolsVersion = 7.1.1;
						TestTargetID = F2DDE6C71C0578CF008A8288;
					};
					F2DDE6EE1C0578CF008A8288 = {
						CreatedOnToolsVersion = 7.1.1;
						TestTargetID = F2DDE6C71C0578CF008A8288;
					};
				};
			};
			buildConfigurationList = F2DDE6C31C0578CF008A8288 /* Build configuration list for PBXProject "MedTracker" */;
			compatibilityVersion = "Xcode 3.2";
			developmentRegion = English;
			hasScannedForEncodings = 0;
			knownRegions = (
				en,
				Base,
			);
			mainGroup = F2DDE6BF1C0578CF008A8288;
			productRefGroup = F2DDE6C91C0578CF008A8288 /* Products */;
			projectDirPath = "";
			projectRoot = "";
			targets = (
				F2DDE6C71C0578CF008A8288 /* MedTracker */,
				F2DDE6E31C0578CF008A8288 /* MedTrackerTests */,
				F2DDE6EE1C0578CF008A8288 /* MedTrackerUITests */,
			);
		};
/* End PBXProject section */

/* Begin PBXResourcesBuildPhase section */
		F2DDE6C61C0578CF008A8288 /* Resources */ = {
			isa = PBXResourcesBuildPhase;
			buildActionMask = 2147483647;
			files = (
				F2DDE6DE1C0578CF008A8288 /* LaunchScreen.storyboard in Resources */,
				F2DDE6DB1C0578CF008A8288 /* Assets.xcassets in Resources */,
				F2DDE6D61C0578CF008A8288 /* Main.storyboard in Resources */,
			);
			runOnlyForDeploymentPostprocessing = 0;
		};
		F2DDE6E21C0578CF008A8288 /* Resources */ = {
			isa = PBXResourcesBuildPhase;
			buildActionMask = 2147483647;
			files = (
			);
			runOnlyForDeploymentPostprocessing = 0;
		};
		F2DDE6ED1C0578CF008A8288 /* Resources */ = {
			isa = PBXResourcesBuildPhase;
			buildActionMask = 2147483647;
			files = (
			);
			runOnlyForDeploymentPostprocessing = 0;
		};
/* End PBXResourcesBuildPhase section */

/* Begin PBXSourcesBuildPhase section */
		F2DDE6C41C0578CF008A8288 /* Sources */ = {
			isa = PBXSourcesBuildPhase;
			buildActionMask = 2147483647;
			files = (
				F2DDE6D91C0578CF008A8288 /* MedTracker.xcdatamodeld in Sources */,
				F2DDE7051C059A5D008A8288 /* PatientsTVC.m in Sources */,
				F2DDE6D01C0578CF008A8288 /* AppDelegate.m in Sources */,
				F2DDE70B1C059A8B008A8288 /* AddPatientVC.m in Sources */,
				F2DDE6CD1C0578CF008A8288 /* main.m in Sources */,
				F2DDE7081C059A75008A8288 /* PrescriptionTVC.m in Sources */,
				F2DDE70E1C059AAD008A8288 /* AddPrescriptionVC.m in Sources */,
			);
			runOnlyForDeploymentPostprocessing = 0;
		};
		F2DDE6E01C0578CF008A8288 /* Sources */ = {
			isa = PBXSourcesBuildPhase;
			buildActionMask = 2147483647;
			files = (
				F2DDE6E91C0578CF008A8288 /* MedTrackerTests.m in Sources */,
			);
			runOnlyForDeploymentPostprocessing = 0;
		};
		F2DDE6EB1C0578CF008A8288 /* Sources */ = {
			isa = PBXSourcesBuildPhase;
			buildActionMask = 2147483647;
			files = (
				F2DDE6F41C0578CF008A8288 /* MedTrackerUITests.m in Sources */,
			);
			runOnlyForDeploymentPostprocessing = 0;
		};
/* End PBXSourcesBuildPhase section */

/* Begin PBXTargetDependency section */
		F2DDE6E61C0578CF008A8288 /* PBXTargetDependency */ = {
			isa = PBXTargetDependency;
			target = F2DDE6C71C0578CF008A8288 /* MedTracker */;
			targetProxy = F2DDE6E51C0578CF008A8288 /* PBXContainerItemProxy */;
		};
		F2DDE6F11C0578CF008A8288 /* PBXTargetDependency */ = {
			isa = PBXTargetDependency;
			target = F2DDE6C71C0578CF008A8288 /* MedTracker */;
			targetProxy = F2DDE6F01C0578CF008A8288 /* PBXContainerItemProxy */;
		};
/* End PBXTargetDependency section */

/* Begin PBXVariantGroup section */
		F2DDE6D41C0578CF008A8288 /* Main.storyboard */ = {
			isa = PBXVariantGroup;
			children = (
				F2DDE6D51C0578CF008A8288 /* Base */,
			);
			name = Main.storyboard;
			sourceTree = "<group>";
		};
		F2DDE6DC1C0578CF008A8288 /* LaunchScreen.storyboard */ = {
			isa = PBXVariantGroup;
			children = (
				F2DDE6DD1C0578CF008A8288 /* Base */,
			);
			name = LaunchScreen.storyboard;
			sourceTree = "<group>";
		};
/* End PBXVariantGroup section */

/* Begin XCBuildConfiguration section */
		F2DDE6F61C0578CF008A8288 /* Debug */ = {
			isa = XCBuildConfiguration;
			buildSettings = {
				ALWAYS_SEARCH_USER_PATHS = NO;
				CLANG_CXX_LANGUAGE_STANDARD = "gnu++0x";
				CLANG_CXX_LIBRARY = "libc++";
				CLANG_ENABLE_MODULES = YES;
				CLANG_ENABLE_OBJC_ARC = YES;
				CLANG_WARN_BOOL_CONVERSION = YES;
				CLANG_WARN_CONSTANT_CONVERSION = YES;
				CLANG_WARN_DIRECT_OBJC_ISA_USAGE = YES_ERROR;
				CLANG_WARN_EMPTY_BODY = YES;
				CLANG_WARN_ENUM_CONVERSION = YES;
				CLANG_WARN_INT_CONVERSION = YES;
				CLANG_WARN_OBJC_ROOT_CLASS = YES_ERROR;
				CLANG_WARN_UNREACHABLE_CODE = YES;
				CLANG_WARN__DUPLICATE_METHOD_MATCH = YES;
				"CODE_SIGN_IDENTITY[sdk=iphoneos*]" = "iPhone Developer";
				COPY_PHASE_STRIP = NO;
				DEBUG_INFORMATION_FORMAT = dwarf;
				ENABLE_STRICT_OBJC_MSGSEND = YES;
				ENABLE_TESTABILITY = YES;
				GCC_C_LANGUAGE_STANDARD = gnu99;
				GCC_DYNAMIC_NO_PIC = NO;
				GCC_NO_COMMON_BLOCKS = YES;
				GCC_OPTIMIZATION_LEVEL = 0;
				GCC_PREPROCESSOR_DEFINITIONS = (
					"DEBUG=1",
					"$(inherited)",
				);
				GCC_WARN_64_TO_32_BIT_CONVERSION = YES;
				GCC_WARN_ABOUT_RETURN_TYPE = YES_ERROR;
				GCC_WARN_UNDECLARED_SELECTOR = YES;
				GCC_WARN_UNINITIALIZED_AUTOS = YES_AGGRESSIVE;
				GCC_WARN_UNUSED_FUNCTION = YES;
				GCC_WARN_UNUSED_VARIABLE = YES;
				IPHONEOS_DEPLOYMENT_TARGET = 9.1;
				MTL_ENABLE_DEBUG_INFO = YES;
				ONLY_ACTIVE_ARCH = YES;
				SDKROOT = iphoneos;
			};
			name = Debug;
		};
		F2DDE6F71C0578CF008A8288 /* Release */ = {
			isa = XCBuildConfiguration;
			buildSettings = {
				ALWAYS_SEARCH_USER_PATHS = NO;
				CLANG_CXX_LANGUAGE_STANDARD = "gnu++0x";
				CLANG_CXX_LIBRARY = "libc++";
				CLANG_ENABLE_MODULES = YES;
				CLANG_ENABLE_OBJC_ARC = YES;
				CLANG_WARN_BOOL_CONVERSION = YES;
				CLANG_WARN_CONSTANT_CONVERSION = YES;
				CLANG_WARN_DIRECT_OBJC_ISA_USAGE = YES_ERROR;
				CLANG_WARN_EMPTY_BODY = YES;
				CLANG_WARN_ENUM_CONVERSION = YES;
				CLANG_WARN_INT_CONVERSION = YES;
				CLANG_WARN_OBJC_ROOT_CLASS = YES_ERROR;
				CLANG_WARN_UNREACHABLE_CODE = YES;
				CLANG_WARN__DUPLICATE_METHOD_MATCH = YES;
				"CODE_SIGN_IDENTITY[sdk=iphoneos*]" = "iPhone Developer";
				COPY_PHASE_STRIP = NO;
				DEBUG_INFORMATION_FORMAT = "dwarf-with-dsym";
				ENABLE_NS_ASSERTIONS = NO;
				ENABLE_STRICT_OBJC_MSGSEND = YES;
				GCC_C_LANGUAGE_STANDARD = gnu99;
				GCC_NO_COMMON_BLOCKS = YES;
				GCC_WARN_64_TO_32_BIT_CONVERSION = YES;
				GCC_WARN_ABOUT_RETURN_TYPE = YES_ERROR;
				GCC_WARN_UNDECLARED_SELECTOR = YES;
				GCC_WARN_UNINITIALIZED_AUTOS = YES_AGGRESSIVE;
				GCC_WARN_UNUSED_FUNCTION = YES;
				GCC_WARN_UNUSED_VARIABLE = YES;
				IPHONEOS_DEPLOYMENT_TARGET = 9.1;
				MTL_ENABLE_DEBUG_INFO = NO;
				SDKROOT = iphoneos;
				VALIDATE_PRODUCT = YES;
			};
			name = Release;
		};
		F2DDE6F91C0578CF008A8288 /* Debug */ = {
			isa = XCBuildConfiguration;
			buildSettings = {
				ASSETCATALOG_COMPILER_APPICON_NAME = AppIcon;
				INFOPLIST_FILE = MedTracker/Info.plist;
				LD_RUNPATH_SEARCH_PATHS = "$(inherited) @executable_path/Frameworks";
				PRODUCT_BUNDLE_IDENTIFIER = HardCoders.MedTracker;
				PRODUCT_NAME = "$(TARGET_NAME)";
			};
			name = Debug;
		};
		F2DDE6FA1C0578CF008A8288 /* Release */ = {
			isa = XCBuildConfiguration;
			buildSettings = {
				ASSETCATALOG_COMPILER_APPICON_NAME = AppIcon;
				INFOPLIST_FILE = MedTracker/Info.plist;
				LD_RUNPATH_SEARCH_PATHS = "$(inherited) @executable_path/Frameworks";
				PRODUCT_BUNDLE_IDENTIFIER = HardCoders.MedTracker;
				PRODUCT_NAME = "$(TARGET_NAME)";
			};
			name = Release;
		};
		F2DDE6FC1C0578CF008A8288 /* Debug */ = {
			isa = XCBuildConfiguration;
			buildSettings = {
				BUNDLE_LOADER = "$(TEST_HOST)";
				INFOPLIST_FILE = MedTrackerTests/Info.plist;
				LD_RUNPATH_SEARCH_PATHS = "$(inherited) @executable_path/Frameworks @loader_path/Frameworks";
				PRODUCT_BUNDLE_IDENTIFIER = HardCoders.MedTrackerTests;
				PRODUCT_NAME = "$(TARGET_NAME)";
				TEST_HOST = "$(BUILT_PRODUCTS_DIR)/MedTracker.app/MedTracker";
			};
			name = Debug;
		};
		F2DDE6FD1C0578CF008A8288 /* Release */ = {
			isa = XCBuildConfiguration;
			buildSettings = {
				BUNDLE_LOADER = "$(TEST_HOST)";
				INFOPLIST_FILE = MedTrackerTests/Info.plist;
				LD_RUNPATH_SEARCH_PATHS = "$(inherited) @executable_path/Frameworks @loader_path/Frameworks";
				PRODUCT_BUNDLE_IDENTIFIER = HardCoders.MedTrackerTests;
				PRODUCT_NAME = "$(TARGET_NAME)";
				TEST_HOST = "$(BUILT_PRODUCTS_DIR)/MedTracker.app/MedTracker";
			};
			name = Release;
		};
		F2DDE6FF1C0578CF008A8288 /* Debug */ = {
			isa = XCBuildConfiguration;
			buildSettings = {
				INFOPLIST_FILE = MedTrackerUITests/Info.plist;
				LD_RUNPATH_SEARCH_PATHS = "$(inherited) @executable_path/Frameworks @loader_path/Frameworks";
				PRODUCT_BUNDLE_IDENTIFIER = HardCoders.MedTrackerUITests;
				PRODUCT_NAME = "$(TARGET_NAME)";
				TEST_TARGET_NAME = MedTracker;
				USES_XCTRUNNER = YES;
			};
			name = Debug;
		};
		F2DDE7001C0578CF008A8288 /* Release */ = {
			isa = XCBuildConfiguration;
			buildSettings = {
				INFOPLIST_FILE = MedTrackerUITests/Info.plist;
				LD_RUNPATH_SEARCH_PATHS = "$(inherited) @executable_path/Frameworks @loader_path/Frameworks";
				PRODUCT_BUNDLE_IDENTIFIER = HardCoders.MedTrackerUITests;
				PRODUCT_NAME = "$(TARGET_NAME)";
				TEST_TARGET_NAME = MedTracker;
				USES_XCTRUNNER = YES;
			};
			name = Release;
		};
/* End XCBuildConfiguration section */

/* Begin XCConfigurationList section */
		F2DDE6C31C0578CF008A8288 /* Build configuration list for PBXProject "MedTracker" */ = {
			isa = XCConfigurationList;
			buildConfigurations = (
				F2DDE6F61C0578CF008A8288 /* Debug */,
				F2DDE6F71C0578CF008A8288 /* Release */,
			);
			defaultConfigurationIsVisible = 0;
			defaultConfigurationName = Release;
		};
		F2DDE6F81C0578CF008A8288 /* Build configuration list for PBXNativeTarget "MedTracker" */ = {
			isa = XCConfigurationList;
			buildConfigurations = (
				F2DDE6F91C0578CF008A8288 /* Debug */,
				F2DDE6FA1C0578CF008A8288 /* Release */,
			);
			defaultConfigurationIsVisible = 0;
		};
		F2DDE6FB1C0578CF008A8288 /* Build configuration list for PBXNativeTarget "MedTrackerTests" */ = {
			isa = XCConfigurationList;
			buildConfigurations = (
				F2DDE6FC1C0578CF008A8288 /* Debug */,
				F2DDE6FD1C0578CF008A8288 /* Release */,
			);
			defaultConfigurationIsVisible = 0;
		};
		F2DDE6FE1C0578CF008A8288 /* Build configuration list for PBXNativeTarget "MedTrackerUITests" */ = {
			isa = XCConfigurationList;
			buildConfigurations = (
				F2DDE6FF1C0578CF008A8288 /* Debug */,
				F2DDE7001C0578CF008A8288 /* Release */,
			);
			defaultConfigurationIsVisible = 0;
		};
/* End XCConfigurationList section */

/* Begin XCVersionGroup section */
		F2DDE6D71C0578CF008A8288 /* MedTracker.xcdatamodeld */ = {
			isa = XCVersionGroup;
			children = (
				F2DDE6D81C0578CF008A8288 /* MedTracker.xcdatamodel */,
			);
			currentVersion = F2DDE6D81C0578CF008A8288 /* MedTracker.xcdatamodel */;
			path = MedTracker.xcdatamodeld;
			sourceTree = "<group>";
			versionGroupType = wrapper.xcdatamodel;
		};
/* End XCVersionGroup section */
	};
	rootObject = F2DDE6C01C0578CF008A8288 /* Project object */;
}
